
Microsoft Visual Studio Solution File, Format Version 12.00
# Visual Studio Version 17
VisualStudioVersion = 17.9.34622.214
MinimumVisualStudioVersion = 10.0.40219.1
Project("{FAE04EC0-301F-11D3-BF4B-00C04F79EFBC}") = "arrayc#", "arrayc#.csproj", "{CAD5BBFF-F76B-4F80-8BE7-6CE7FB97C065}"
EndProject
Global
	GlobalSection(SolutionConfigurationPlatforms) = preSolution
		Debug|Any CPU = Debug|Any CPU
		Release|Any CPU = Release|Any CPU
	EndGlobalSection
	GlobalSection(ProjectConfigurationPlatforms) = postSolution
		{CAD5BBFF-F76B-4F80-8BE7-6CE7FB97C065}.Debug|Any CPU.ActiveCfg = Debug|Any CPU
		{CAD5BBFF-F76B-4F80-8BE7-6CE7FB97C065}.Debug|Any CPU.Build.0 = Debug|Any CPU
		{CAD5BBFF-F76B-4F80-8BE7-6CE7FB97C065}.Release|Any CPU.ActiveCfg = Release|Any CPU
		{CAD5BBFF-F76B-4F80-8BE7-6CE7FB97C065}.Release|Any CPU.Build.0 = Release|Any CPU
	EndGlobalSection
	GlobalSection(SolutionProperties) = preSolution
		HideSolutionNode = FALSE
	EndGlobalSection
	GlobalSection(ExtensibilityGlobals) = postSolution
		SolutionGuid = {722C7BF1-D785-4964-AB4F-15CA8F63CF98}
	EndGlobalSection
EndGlobal
